
Microsoft Visual Studio Solution File, Format Version 12.00
Project("{FAE04EC0-301F-11D3-BF4B-00C04F79EFBC}") = "CatGLauncher", "CatGLauncher\CatGLauncher.csproj", "{87D02F18-B12B-443A-875C-CF4A00D6E0E3}"
EndProject
Project("{FAE04EC0-301F-11D3-BF4B-00C04F79EFBC}") = "CatG", "CatG\CatG.csproj", "{14F91630-55B9-4AEA-8B8E-9C8970976E71}"
EndProject
Project("{FAE04EC0-301F-11D3-BF4B-00C04F79EFBC}") = "CatGEditor", "CatGEditor\CatGEditor.csproj", "{465048D6-5B2E-400A-A221-D44EC624DF4D}"
EndProject
Global
	GlobalSection(SolutionConfigurationPlatforms) = preSolution
		Debug|Any CPU = Debug|Any CPU
		Release|Any CPU = Release|Any CPU
	EndGlobalSection
	GlobalSection(ProjectConfigurationPlatforms) = postSolution
		{87D02F18-B12B-443A-875C-CF4A00D6E0E3}.Debug|Any CPU.ActiveCfg = Debug|Any CPU
		{87D02F18-B12B-443A-875C-CF4A00D6E0E3}.Debug|Any CPU.Build.0 = Debug|Any CPU
		{87D02F18-B12B-443A-875C-CF4A00D6E0E3}.Release|Any CPU.ActiveCfg = Release|Any CPU
		{87D02F18-B12B-443A-875C-CF4A00D6E0E3}.Release|Any CPU.Build.0 = Release|Any CPU
		{14F91630-55B9-4AEA-8B8E-9C8970976E71}.Debug|Any CPU.ActiveCfg = Debug|Any CPU
		{14F91630-55B9-4AEA-8B8E-9C8970976E71}.Debug|Any CPU.Build.0 = Debug|Any CPU
		{14F91630-55B9-4AEA-8B8E-9C8970976E71}.Release|Any CPU.ActiveCfg = Release|Any CPU
		{14F91630-55B9-4AEA-8B8E-9C8970976E71}.Release|Any CPU.Build.0 = Release|Any CPU
		{465048D6-5B2E-400A-A221-D44EC624DF4D}.Debug|Any CPU.ActiveCfg = Debug|Any CPU
		{465048D6-5B2E-400A-A221-D44EC624DF4D}.Debug|Any CPU.Build.0 = Debug|Any CPU
		{465048D6-5B2E-400A-A221-D44EC624DF4D}.Release|Any CPU.ActiveCfg = Release|Any CPU
		{465048D6-5B2E-400A-A221-D44EC624DF4D}.Release|Any CPU.Build.0 = Release|Any CPU
	EndGlobalSection
EndGlobal
